{
    "_readme": [
        "This file locks the dependencies of your project to a known state",
        "Read more about it at https://getcomposer.org/doc/01-basic-usage.md#composer-lock-the-lock-file",
        "This file is @generated automatically"
    ],
    "content-hash": "1a6144af03107cb6ab2d372df7292143",
    "packages": [
        {
            "name": "eloquent/composer-npm-bridge",
            "version": "dev-npm-lock",
            "source": {
                "type": "git",
                "url": "https://github.com/eloquent/composer-npm-bridge.git",
                "reference": "90ef5a489ecd1685c3271f9638238085414e08b1"
            },
            "dist": {
                "type": "zip",
                "url": "https://api.github.com/repos/eloquent/composer-npm-bridge/zipball/90ef5a489ecd1685c3271f9638238085414e08b1",
                "reference": "90ef5a489ecd1685c3271f9638238085414e08b1",
                "shasum": ""
            },
            "require": {
                "composer-plugin-api": "^1",
                "php": ">=7"
            },
            "require-dev": {
                "composer/composer": "dev-master",
                "eloquent/phony-phpunit": "^2",
                "errors/exceptions": "^0.2",
                "phpunit/phpunit": "^6"
            },
            "type": "composer-plugin",
            "extra": {
                "class": "Eloquent\\Composer\\NpmBridge\\NpmBridgePlugin"
            },
            "autoload": {
                "psr-4": {
                    "Eloquent\\Composer\\NpmBridge\\": "src"
                }
            },
            "notification-url": "https://packagist.org/downloads/",
            "license": [
                "MIT"
            ],
            "authors": [
                {
                    "name": "Erin Millard",
                    "email": "ezzatron@gmail.com",
                    "homepage": "http://ezzatron.com/"
                }
            ],
            "description": "NPM integration for Composer packages.",
            "homepage": "https://github.com/eloquent/composer-npm-bridge",
            "keywords": [
                "Bridge",
                "composer",
                "composer-plugin",
                "integration",
                "npm",
                "package",
                "plugin"
            ],
            "time": "2017-07-12 01:16:01"
        },
        {
            "name": "ezzatron/composer-npm-bridge-fixture-dependency",
            "version": "dev-master",
            "source": {
                "type": "git",
                "url": "https://github.com/ezzatron/composer-npm-bridge-fixture-dependency.git",
                "reference": "45b4ed16e994e90938182440ea9b64fbd3a9d659"
            },
            "dist": {
                "type": "zip",
                "url": "https://api.github.com/repos/ezzatron/composer-npm-bridge-fixture-dependency/zipball/45b4ed16e994e90938182440ea9b64fbd3a9d659",
                "reference": "45b4ed16e994e90938182440ea9b64fbd3a9d659",
                "shasum": ""
            },
            "require": {
                "eloquent/composer-npm-bridge": "dev-npm-lock"
            },
            "type": "library",
            "support": {
                "source": "https://github.com/ezzatron/composer-npm-bridge-fixture-dependency/tree/master",
                "issues": "https://github.com/ezzatron/composer-npm-bridge-fixture-dependency/issues"
            },
            "time": "2017-07-12 02:37:53"
        }
    ],
    "packages-dev": [],
    "aliases": [],
    "minimum-stability": "dev",
    "stability-flags": {
        "ezzatron/composer-npm-bridge-fixture-dependency": 20
    },
    "prefer-stable": false,
    "prefer-lowest": false,
    "platform": [],
    "platform-dev": []
}
